
Microsoft Visual Studio Solution File, Format Version 12.00
# Visual Studio Version 17
VisualStudioVersion = 17.11.35208.52
MinimumVisualStudioVersion = 10.0.40219.1
Project("{9A19103F-16F7-4668-BE54-9A1E7A4F7556}") = "Web3D.API", "Web3D.API\Web3D.API.csproj", "{95F2211D-0961-4DC2-942E-D8E4E0CF6B0E}"
EndProject
Project("{9A19103F-16F7-4668-BE54-9A1E7A4F7556}") = "Web3D.DataAccess", "Web3D.DataAccess\Web3D.DataAccess.csproj", "{5D8CCF37-18FD-4BEC-BE0B-0D21EEC98A09}"
EndProject
Project("{9A19103F-16F7-4668-BE54-9A1E7A4F7556}") = "Web3D.BusinessLogic", "Web3D.BusinessLogic\Web3D.BusinessLogic.csproj", "{7D81FE6E-79A2-497A-93E0-48E0C904054E}"
EndProject
Project("{9A19103F-16F7-4668-BE54-9A1E7A4F7556}") = "Web3D.Domain", "Web3D.Domain\Web3D.Domain.csproj", "{EA636953-050A-4892-AEFE-79761C1F88E4}"
EndProject
Project("{E53339B2-1760-4266-BCC7-CA923CBCF16C}") = "docker-compose", "docker-compose.dcproj", "{538D0449-0D62-4A5F-BEBE-9DABCF789EC3}"
EndProject
Global
	GlobalSection(SolutionConfigurationPlatforms) = preSolution
		Debug|Any CPU = Debug|Any CPU
		Release|Any CPU = Release|Any CPU
	EndGlobalSection
	GlobalSection(ProjectConfigurationPlatforms) = postSolution
		{95F2211D-0961-4DC2-942E-D8E4E0CF6B0E}.Debug|Any CPU.ActiveCfg = Debug|Any CPU
		{95F2211D-0961-4DC2-942E-D8E4E0CF6B0E}.Debug|Any CPU.Build.0 = Debug|Any CPU
		{95F2211D-0961-4DC2-942E-D8E4E0CF6B0E}.Release|Any CPU.ActiveCfg = Release|Any CPU
		{95F2211D-0961-4DC2-942E-D8E4E0CF6B0E}.Release|Any CPU.Build.0 = Release|Any CPU
		{5D8CCF37-18FD-4BEC-BE0B-0D21EEC98A09}.Debug|Any CPU.ActiveCfg = Debug|Any CPU
		{5D8CCF37-18FD-4BEC-BE0B-0D21EEC98A09}.Debug|Any CPU.Build.0 = Debug|Any CPU
		{5D8CCF37-18FD-4BEC-BE0B-0D21EEC98A09}.Release|Any CPU.ActiveCfg = Release|Any CPU
		{5D8CCF37-18FD-4BEC-BE0B-0D21EEC98A09}.Release|Any CPU.Build.0 = Release|Any CPU
		{7D81FE6E-79A2-497A-93E0-48E0C904054E}.Debug|Any CPU.ActiveCfg = Debug|Any CPU
		{7D81FE6E-79A2-497A-93E0-48E0C904054E}.Debug|Any CPU.Build.0 = Debug|Any CPU
		{7D81FE6E-79A2-497A-93E0-48E0C904054E}.Release|Any CPU.ActiveCfg = Release|Any CPU
		{7D81FE6E-79A2-497A-93E0-48E0C904054E}.Release|Any CPU.Build.0 = Release|Any CPU
		{EA636953-050A-4892-AEFE-79761C1F88E4}.Debug|Any CPU.ActiveCfg = Debug|Any CPU
		{EA636953-050A-4892-AEFE-79761C1F88E4}.Debug|Any CPU.Build.0 = Debug|Any CPU
		{EA636953-050A-4892-AEFE-79761C1F88E4}.Release|Any CPU.ActiveCfg = Release|Any CPU
		{EA636953-050A-4892-AEFE-79761C1F88E4}.Release|Any CPU.Build.0 = Release|Any CPU
		{538D0449-0D62-4A5F-BEBE-9DABCF789EC3}.Debug|Any CPU.ActiveCfg = Debug|Any CPU
		{538D0449-0D62-4A5F-BEBE-9DABCF789EC3}.Debug|Any CPU.Build.0 = Debug|Any CPU
		{538D0449-0D62-4A5F-BEBE-9DABCF789EC3}.Release|Any CPU.ActiveCfg = Release|Any CPU
		{538D0449-0D62-4A5F-BEBE-9DABCF789EC3}.Release|Any CPU.Build.0 = Release|Any CPU
	EndGlobalSection
	GlobalSection(SolutionProperties) = preSolution
		HideSolutionNode = FALSE
	EndGlobalSection
	GlobalSection(ExtensibilityGlobals) = postSolution
		SolutionGuid = {B427D781-46CC-4BE9-B816-E86244199BBC}
	EndGlobalSection
EndGlobal
